// !$*UTF8*$!
{
	archiveVersion = 1;
	classes = {
	};
	objectVersion = 46;
	objects = {

/* Begin PBXBuildFile section */
		B126CA29198ADA0D0010E432 /* Foundation.framework in Frameworks */ = {isa = PBXBuildFile; fileRef = B126CA28198ADA0D0010E432 /* Foundation.framework */; };
		B126CA2B198ADA0D0010E432 /* CoreGraphics.framework in Frameworks */ = {isa = PBXBuildFile; fileRef = B126CA2A198ADA0D0010E432 /* CoreGraphics.framework */; };
		B126CA2D198ADA0D0010E432 /* UIKit.framework in Frameworks */ = {isa = PBXBuildFile; fileRef = B126CA2C198ADA0D0010E432 /* UIKit.framework */; };
		B126CA33198ADA0D0010E432 /* InfoPlist.strings in Resources */ = {isa = PBXBuildFile; fileRef = B126CA31198ADA0D0010E432 /* InfoPlist.strings */; };
		B126CA35198ADA0D0010E432 /* main.m in Sources */ = {isa = PBXBuildFile; fileRef = B126CA34198ADA0D0010E432 /* main.m */; };
		B126CA39198ADA0D0010E432 /* AppDelegate.m in Sources */ = {isa = PBXBuildFile; fileRef = B126CA38198ADA0D0010E432 /* AppDelegate.m */; };
		B126CA3C198ADA0D0010E432 /* Main.storyboard in Resources */ = {isa = PBXBuildFile; fileRef = B126CA3A198ADA0D0010E432 /* Main.storyboard */; };
		B126CA3F198ADA0D0010E432 /* ViewController.m in Sources */ = {isa = PBXBuildFile; fileRef = B126CA3E198ADA0D0010E432 /* ViewController.m */; };
		B126CA41198ADA0D0010E432 /* Images.xcassets in Resources */ = {isa = PBXBuildFile; fileRef = B126CA40198ADA0D0010E432 /* Images.xcassets */; };
		B126CA48198ADA0E0010E432 /* XCTest.framework in Frameworks */ = {isa = PBXBuildFile; fileRef = B126CA47198ADA0E0010E432 /* XCTest.framework */; };
		B126CA49198ADA0E0010E432 /* Foundation.framework in Frameworks */ = {isa = PBXBuildFile; fileRef = B126CA28198ADA0D0010E432 /* Foundation.framework */; };
		B126CA4A198ADA0E0010E432 /* UIKit.framework in Frameworks */ = {isa = PBXBuildFile; fileRef = B126CA2C198ADA0D0010E432 /* UIKit.framework */; };
		B126CA52198ADA0E0010E432 /* InfoPlist.strings in Resources */ = {isa = PBXBuildFile; fileRef = B126CA50198ADA0E0010E432 /* InfoPlist.strings */; };
		B126CA54198ADA0E0010E432 /* assessment21Tests.m in Sources */ = {isa = PBXBuildFile; fileRef = B126CA53198ADA0E0010E432 /* assessment21Tests.m */; };
		B126CA5F198ADC990010E432 /* City.m in Sources */ = {isa = PBXBuildFile; fileRef = B126CA5E198ADC990010E432 /* City.m */; };
		B126CA62198AE0150010E432 /* CityViewController.m in Sources */ = {isa = PBXBuildFile; fileRef = B126CA61198AE0150010E432 /* CityViewController.m */; };
/* End PBXBuildFile section */

/* Begin PBXContainerItemProxy section */
		B126CA4B198ADA0E0010E432 /* PBXContainerItemProxy */ = {
			isa = PBXContainerItemProxy;
			containerPortal = B126CA1D198ADA0D0010E432 /* Project object */;
			proxyType = 1;
			remoteGlobalIDString = B126CA24198ADA0D0010E432;
			remoteInfo = assessment21;
		};
/* End PBXContainerItemProxy section */

/* Begin PBXFileReference section */
		B126CA25198ADA0D0010E432 /* assessment21.app */ = {isa = PBXFileReference; explicitFileType = wrapper.application; includeInIndex = 0; path = assessment21.app; sourceTree = BUILT_PRODUCTS_DIR; };
		B126CA28198ADA0D0010E432 /* Foundation.framework */ = {isa = PBXFileReference; lastKnownFileType = wrapper.framework; name = Foundation.framework; path = System/Library/Frameworks/Foundation.framework; sourceTree = SDKROOT; };
		B126CA2A198ADA0D0010E432 /* CoreGraphics.framework */ = {isa = PBXFileReference; lastKnownFileType = wrapper.framework; name = CoreGraphics.framework; path = System/Library/Frameworks/CoreGraphics.framework; sourceTree = SDKROOT; };
		B126CA2C198ADA0D0010E432 /* UIKit.framework */ = {isa = PBXFileReference; lastKnownFileType = wrapper.framework; name = UIKit.framework; path = System/Library/Frameworks/UIKit.framework; sourceTree = SDKROOT; };
		B126CA30198ADA0D0010E432 /* assessment21-Info.plist */ = {isa = PBXFileReference; lastKnownFileType = text.plist.xml; path = "assessment21-Info.plist"; sourceTree = "<group>"; };
		B126CA32198ADA0D0010E432 /* en */ = {isa = PBXFileReference; lastKnownFileType = text.plist.strings; name = en; path = en.lproj/InfoPlist.strings; sourceTree = "<group>"; };
		B126CA34198ADA0D0010E432 /* main.m */ = {isa = PBXFileReference; lastKnownFileType = sourcecode.c.objc; path = main.m; sourceTree = "<group>"; };
		B126CA36198ADA0D0010E432 /* assessment21-Prefix.pch */ = {isa = PBXFileReference; lastKnownFileType = sourcecode.c.h; path = "assessment21-Prefix.pch"; sourceTree = "<group>"; };
		B126CA37198ADA0D0010E432 /* AppDelegate.h */ = {isa = PBXFileReference; lastKnownFileType = sourcecode.c.h; path = AppDelegate.h; sourceTree = "<group>"; };
		B126CA38198ADA0D0010E432 /* AppDelegate.m */ = {isa = PBXFileReference; lastKnownFileType = sourcecode.c.objc; path = AppDelegate.m; sourceTree = "<group>"; };
		B126CA3B198ADA0D0010E432 /* Base */ = {isa = PBXFileReference; lastKnownFileType = file.storyboard; name = Base; path = Base.lproj/Main.storyboard; sourceTree = "<group>"; };
		B126CA3D198ADA0D0010E432 /* ViewController.h */ = {isa = PBXFileReference; lastKnownFileType = sourcecode.c.h; path = ViewController.h; sourceTree = "<group>"; };
		B126CA3E198ADA0D0010E432 /* ViewController.m */ = {isa = PBXFileReference; lastKnownFileType = sourcecode.c.objc; path = ViewController.m; sourceTree = "<group>"; };
		B126CA40198ADA0D0010E432 /* Images.xcassets */ = {isa = PBXFileReference; lastKnownFileType = folder.assetcatalog; path = Images.xcassets; sourceTree = "<group>"; };
		B126CA46198ADA0E0010E432 /* assessment21Tests.xctest */ = {isa = PBXFileReference; explicitFileType = wrapper.cfbundle; includeInIndex = 0; path = assessment21Tests.xctest; sourceTree = BUILT_PRODUCTS_DIR; };
		B126CA47198ADA0E0010E432 /* XCTest.framework */ = {isa = PBXFileReference; lastKnownFileType = wrapper.framework; name = XCTest.framework; path = Library/Frameworks/XCTest.framework; sourceTree = DEVELOPER_DIR; };
		B126CA4F198ADA0E0010E432 /* assessment21Tests-Info.plist */ = {isa = PBXFileReference; lastKnownFileType = text.plist.xml; path = "assessment21Tests-Info.plist"; sourceTree = "<group>"; };
		B126CA51198ADA0E0010E432 /* en */ = {isa = PBXFileReference; lastKnownFileType = text.plist.strings; name = en; path = en.lproj/InfoPlist.strings; sourceTree = "<group>"; };
		B126CA53198ADA0E0010E432 /* assessment21Tests.m */ = {isa = PBXFileReference; lastKnownFileType = sourcecode.c.objc; path = assessment21Tests.m; sourceTree = "<group>"; };
		B126CA5D198ADC990010E432 /* City.h */ = {isa = PBXFileReference; fileEncoding = 4; lastKnownFileType = sourcecode.c.h; path = City.h; sourceTree = "<group>"; };
		B126CA5E198ADC990010E432 /* City.m */ = {isa = PBXFileReference; fileEncoding = 4; lastKnownFileType = sourcecode.c.objc; path = City.m; sourceTree = "<group>"; };
		B126CA60198AE0150010E432 /* CityViewController.h */ = {isa = PBXFileReference; fileEncoding = 4; lastKnownFileType = sourcecode.c.h; path = CityViewController.h; sourceTree = "<group>"; };
		B126CA61198AE0150010E432 /* CityViewController.m */ = {isa = PBXFileReference; fileEncoding = 4; lastKnownFileType = sourcecode.c.objc; path = CityViewController.m; sourceTree = "<group>"; };
/* End PBXFileReference section */

/* Begin PBXFrameworksBuildPhase section */
		B126CA22198ADA0D0010E432 /* Frameworks */ = {
			isa = PBXFrameworksBuildPhase;
			buildActionMask = 2147483647;
			files = (
				B126CA2B198ADA0D0010E432 /* CoreGraphics.framework in Frameworks */,
				B126CA2D198ADA0D0010E432 /* UIKit.framework in Frameworks */,
				B126CA29198ADA0D0010E432 /* Foundation.framework in Frameworks */,
			);
			runOnlyForDeploymentPostprocessing = 0;
		};
		B126CA43198ADA0E0010E432 /* Frameworks */ = {
			isa = PBXFrameworksBuildPhase;
			buildActionMask = 2147483647;
			files = (
				B126CA48198ADA0E0010E432 /* XCTest.framework in Frameworks */,
				B126CA4A198ADA0E0010E432 /* UIKit.framework in Frameworks */,
				B126CA49198ADA0E0010E432 /* Foundation.framework in Frameworks */,
			);
			runOnlyForDeploymentPostprocessing = 0;
		};
/* End PBXFrameworksBuildPhase section */

/* Begin PBXGroup section */
		B126CA1C198ADA0D0010E432 = {
			isa = PBXGroup;
			children = (
				B126CA2E198ADA0D0010E432 /* assessment21 */,
				B126CA4D198ADA0E0010E432 /* assessment21Tests */,
				B126CA27198ADA0D0010E432 /* Frameworks */,
				B126CA26198ADA0D0010E432 /* Products */,
			);
			sourceTree = "<group>";
		};
		B126CA26198ADA0D0010E432 /* Products */ = {
			isa = PBXGroup;
			children = (
				B126CA25198ADA0D0010E432 /* assessment21.app */,
				B126CA46198ADA0E0010E432 /* assessment21Tests.xctest */,
			);
			name = Products;
			sourceTree = "<group>";
		};
		B126CA27198ADA0D0010E432 /* Frameworks */ = {
			isa = PBXGroup;
			children = (
				B126CA28198ADA0D0010E432 /* Foundation.framework */,
				B126CA2A198ADA0D0010E432 /* CoreGraphics.framework */,
				B126CA2C198ADA0D0010E432 /* UIKit.framework */,
				B126CA47198ADA0E0010E432 /* XCTest.framework */,
			);
			name = Frameworks;
			sourceTree = "<group>";
		};
		B126CA2E198ADA0D0010E432 /* assessment21 */ = {
			isa = PBXGroup;
			children = (
				B126CA37198ADA0D0010E432 /* AppDelegate.h */,
				B126CA38198ADA0D0010E432 /* AppDelegate.m */,
				B126CA3A198ADA0D0010E432 /* Main.storyboard */,
				B126CA60198AE0150010E432 /* CityViewController.h */,
				B126CA61198AE0150010E432 /* CityViewController.m */,
				B126CA3D198ADA0D0010E432 /* ViewController.h */,
				B126CA3E198ADA0D0010E432 /* ViewController.m */,
				B126CA5D198ADC990010E432 /* City.h */,
				B126CA5E198ADC990010E432 /* City.m */,
				B126CA40198ADA0D0010E432 /* Images.xcassets */,
				B126CA2F198ADA0D0010E432 /* Supporting Files */,
			);
			path = assessment21;
			sourceTree = "<group>";
		};
		B126CA2F198ADA0D0010E432 /* Supporting Files */ = {
			isa = PBXGroup;
			children = (
				B126CA30198ADA0D0010E432 /* assessment21-Info.plist */,
				B126CA31198ADA0D0010E432 /* InfoPlist.strings */,
				B126CA34198ADA0D0010E432 /* main.m */,
				B126CA36198ADA0D0010E432 /* assessment21-Prefix.pch */,
			);
			name = "Supporting Files";
			sourceTree = "<group>";
		};
		B126CA4D198ADA0E0010E432 /* assessment21Tests */ = {
			isa = PBXGroup;
			children = (
				B126CA53198ADA0E0010E432 /* assessment21Tests.m */,
				B126CA4E198ADA0E0010E432 /* Supporting Files */,
			);
			path = assessment21Tests;
			sourceTree = "<group>";
		};
		B126CA4E198ADA0E0010E432 /* Supporting Files */ = {
			isa = PBXGroup;
			children = (
				B126CA4F198ADA0E0010E432 /* assessment21Tests-Info.plist */,
				B126CA50198ADA0E0010E432 /* InfoPlist.strings */,
			);
			name = "Supporting Files";
			sourceTree = "<group>";
		};
/* End PBXGroup section */

/* Begin PBXNativeTarget section */
		B126CA24198ADA0D0010E432 /* assessment21 */ = {
			isa = PBXNativeTarget;
			buildConfigurationList = B126CA57198ADA0E0010E432 /* Build configuration list for PBXNativeTarget "assessment21" */;
			buildPhases = (
				B126CA21198ADA0D0010E432 /* Sources */,
				B126CA22198ADA0D0010E432 /* Frameworks */,
				B126CA23198ADA0D0010E432 /* Resources */,
			);
			buildRules = (
			);
			dependencies = (
			);
			name = assessment21;
			productName = assessment21;
			productReference = B126CA25198ADA0D0010E432 /* assessment21.app */;
			productType = "com.apple.product-type.application";
		};
		B126CA45198ADA0E0010E432 /* assessment21Tests */ = {
			isa = PBXNativeTarget;
			buildConfigurationList = B126CA5A198ADA0E0010E432 /* Build configuration list for PBXNativeTarget "assessment21Tests" */;
			buildPhases = (
				B126CA42198ADA0E0010E432 /* Sources */,
				B126CA43198ADA0E0010E432 /* Frameworks */,
				B126CA44198ADA0E0010E432 /* Resources */,
			);
			buildRules = (
			);
			dependencies = (
				B126CA4C198ADA0E0010E432 /* PBXTargetDependency */,
			);
			name = assessment21Tests;
			productName = assessment21Tests;
			productReference = B126CA46198ADA0E0010E432 /* assessment21Tests.xctest */;
			productType = "com.apple.product-type.bundle.unit-test";
		};
/* End PBXNativeTarget section */

/* Begin PBXProject section */
		B126CA1D198ADA0D0010E432 /* Project object */ = {
			isa = PBXProject;
			attributes = {
				LastUpgradeCheck = 0510;
				ORGANIZATIONNAME = "Chris Snyder";
				TargetAttributes = {
					B126CA45198ADA0E0010E432 = {
						TestTargetID = B126CA24198ADA0D0010E432;
					};
				};
			};
			buildConfigurationList = B126CA20198ADA0D0010E432 /* Build configuration list for PBXProject "assessment21" */;
			compatibilityVersion = "Xcode 3.2";
			developmentRegion = English;
			hasScannedForEncodings = 0;
			knownRegions = (
				en,
				Base,
			);
			mainGroup = B126CA1C198ADA0D0010E432;
			productRefGroup = B126CA26198ADA0D0010E432 /* Products */;
			projectDirPath = "";
			projectRoot = "";
			targets = (
				B126CA24198ADA0D0010E432 /* assessment21 */,
				B126CA45198ADA0E0010E432 /* assessment21Tests */,
			);
		};
/* End PBXProject section */

/* Begin PBXResourcesBuildPhase section */
		B126CA23198ADA0D0010E432 /* Resources */ = {
			isa = PBXResourcesBuildPhase;
			buildActionMask = 2147483647;
			files = (
				B126CA41198ADA0D0010E432 /* Images.xcassets in Resources */,
				B126CA33198ADA0D0010E432 /* InfoPlist.strings in Resources */,
				B126CA3C198ADA0D0010E432 /* Main.storyboard in Resources */,
			);
			runOnlyForDeploymentPostprocessing = 0;
		};
		B126CA44198ADA0E0010E432 /* Resources */ = {
			isa = PBXResourcesBuildPhase;
			buildActionMask = 2147483647;
			files = (
				B126CA52198ADA0E0010E432 /* InfoPlist.strings in Resources */,
			);
			runOnlyForDeploymentPostprocessing = 0;
		};
/* End PBXResourcesBuildPhase section */

/* Begin PBXSourcesBuildPhase section */
		B126CA21198ADA0D0010E432 /* Sources */ = {
			isa = PBXSourcesBuildPhase;
			buildActionMask = 2147483647;
			files = (
				B126CA3F198ADA0D0010E432 /* ViewController.m in Sources */,
				B126CA39198ADA0D0010E432 /* AppDelegate.m in Sources */,
				B126CA62198AE0150010E432 /* CityViewController.m in Sources */,
				B126CA5F198ADC990010E432 /* City.m in Sources */,
				B126CA35198ADA0D0010E432 /* main.m in Sources */,
			);
			runOnlyForDeploymentPostprocessing = 0;
		};
		B126CA42198ADA0E0010E432 /* Sources */ = {
			isa = PBXSourcesBuildPhase;
			buildActionMask = 2147483647;
			files = (
				B126CA54198ADA0E0010E432 /* assessment21Tests.m in Sources */,
			);
			runOnlyForDeploymentPostprocessing = 0;
		};
/* End PBXSourcesBuildPhase section */

/* Begin PBXTargetDependency section */
		B126CA4C198ADA0E0010E432 /* PBXTargetDependency */ = {
			isa = PBXTargetDependency;
			target = B126CA24198ADA0D0010E432 /* assessment21 */;
			targetProxy = B126CA4B198ADA0E0010E432 /* PBXContainerItemProxy */;
		};
/* End PBXTargetDependency section */

/* Begin PBXVariantGroup section */
		B126CA31198ADA0D0010E432 /* InfoPlist.strings */ = {
			isa = PBXVariantGroup;
			children = (
				B126CA32198ADA0D0010E432 /* en */,
			);
			name = InfoPlist.strings;
			sourceTree = "<group>";
		};
		B126CA3A198ADA0D0010E432 /* Main.storyboard */ = {
			isa = PBXVariantGroup;
			children = (
				B126CA3B198ADA0D0010E432 /* Base */,
			);
			name = Main.storyboard;
			sourceTree = "<group>";
		};
		B126CA50198ADA0E0010E432 /* InfoPlist.strings */ = {
			isa = PBXVariantGroup;
			children = (
				B126CA51198ADA0E0010E432 /* en */,
			);
			name = InfoPlist.strings;
			sourceTree = "<group>";
		};
/* End PBXVariantGroup section */

/* Begin XCBuildConfiguration section */
		B126CA55198ADA0E0010E432 /* Debug */ = {
			isa = XCBuildConfiguration;
			buildSettings = {
				ALWAYS_SEARCH_USER_PATHS = NO;
				CLANG_CXX_LANGUAGE_STANDARD = "gnu++0x";
				CLANG_CXX_LIBRARY = "libc++";
				CLANG_ENABLE_MODULES = YES;
				CLANG_ENABLE_OBJC_ARC = YES;
				CLANG_WARN_BOOL_CONVERSION = YES;
				CLANG_WARN_CONSTANT_CONVERSION = YES;
				CLANG_WARN_DIRECT_OBJC_ISA_USAGE = YES_ERROR;
				CLANG_WARN_EMPTY_BODY = YES;
				CLANG_WARN_ENUM_CONVERSION = YES;
				CLANG_WARN_INT_CONVERSION = YES;
				CLANG_WARN_OBJC_ROOT_CLASS = YES_ERROR;
				CLANG_WARN__DUPLICATE_METHOD_MATCH = YES;
				"CODE_SIGN_IDENTITY[sdk=iphoneos*]" = "iPhone Developer";
				COPY_PHASE_STRIP = NO;
				GCC_C_LANGUAGE_STANDARD = gnu99;
				GCC_DYNAMIC_NO_PIC = NO;
				GCC_OPTIMIZATION_LEVEL = 0;
				GCC_PREPROCESSOR_DEFINITIONS = (
					"DEBUG=1",
					"$(inherited)",
				);
				GCC_SYMBOLS_PRIVATE_EXTERN = NO;
				GCC_WARN_64_TO_32_BIT_CONVERSION = YES;
				GCC_WARN_ABOUT_RETURN_TYPE = YES_ERROR;
				GCC_WARN_UNDECLARED_SELECTOR = YES;
				GCC_WARN_UNINITIALIZED_AUTOS = YES_AGGRESSIVE;
				GCC_WARN_UNUSED_FUNCTION = YES;
				GCC_WARN_UNUSED_VARIABLE = YES;
				IPHONEOS_DEPLOYMENT_TARGET = 7.1;
				ONLY_ACTIVE_ARCH = YES;
				SDKROOT = iphoneos;
			};
			name = Debug;
		};
		B126CA56198ADA0E0010E432 /* Release */ = {
			isa = XCBuildConfiguration;
			buildSettings = {
				ALWAYS_SEARCH_USER_PATHS = NO;
				CLANG_CXX_LANGUAGE_STANDARD = "gnu++0x";
				CLANG_CXX_LIBRARY = "libc++";
				CLANG_ENABLE_MODULES = YES;
				CLANG_ENABLE_OBJC_ARC = YES;
				CLANG_WARN_BOOL_CONVERSION = YES;
				CLANG_WARN_CONSTANT_CONVERSION = YES;
				CLANG_WARN_DIRECT_OBJC_ISA_USAGE = YES_ERROR;
				CLANG_WARN_EMPTY_BODY = YES;
				CLANG_WARN_ENUM_CONVERSION = YES;
				CLANG_WARN_INT_CONVERSION = YES;
				CLANG_WARN_OBJC_ROOT_CLASS = YES_ERROR;
				CLANG_WARN__DUPLICATE_METHOD_MATCH = YES;
				"CODE_SIGN_IDENTITY[sdk=iphoneos*]" = "iPhone Developer";
				COPY_PHASE_STRIP = YES;
				ENABLE_NS_ASSERTIONS = NO;
				GCC_C_LANGUAGE_STANDARD = gnu99;
				GCC_WARN_64_TO_32_BIT_CONVERSION = YES;
				GCC_WARN_ABOUT_RETURN_TYPE = YES_ERROR;
				GCC_WARN_UNDECLARED_SELECTOR = YES;
				GCC_WARN_UNINITIALIZED_AUTOS = YES_AGGRESSIVE;
				GCC_WARN_UNUSED_FUNCTION = YES;
				GCC_WARN_UNUSED_VARIABLE = YES;
				IPHONEOS_DEPLOYMENT_TARGET = 7.1;
				SDKROOT = iphoneos;
				VALIDATE_PRODUCT = YES;
			};
			name = Release;
		};
		B126CA58198ADA0E0010E432 /* Debug */ = {
			isa = XCBuildConfiguration;
			buildSettings = {
				ASSETCATALOG_COMPILER_APPICON_NAME = AppIcon;
				ASSETCATALOG_COMPILER_LAUNCHIMAGE_NAME = LaunchImage;
				GCC_PRECOMPILE_PREFIX_HEADER = YES;
				GCC_PREFIX_HEADER = "assessment21/assessment21-Prefix.pch";
				INFOPLIST_FILE = "assessment21/assessment21-Info.plist";
				PRODUCT_NAME = "$(TARGET_NAME)";
				WRAPPER_EXTENSION = app;
			};
			name = Debug;
		};
		B126CA59198ADA0E0010E432 /* Release */ = {
			isa = XCBuildConfiguration;
			buildSettings = {
				ASSETCATALOG_COMPILER_APPICON_NAME = AppIcon;
				ASSETCATALOG_COMPILER_LAUNCHIMAGE_NAME = LaunchImage;
				GCC_PRECOMPILE_PREFIX_HEADER = YES;
				GCC_PREFIX_HEADER = "assessment21/assessment21-Prefix.pch";
				INFOPLIST_FILE = "assessment21/assessment21-Info.plist";
				PRODUCT_NAME = "$(TARGET_NAME)";
				WRAPPER_EXTENSION = app;
			};
			name = Release;
		};
		B126CA5B198ADA0E0010E432 /* Debug */ = {
			isa = XCBuildConfiguration;
			buildSettings = {
				BUNDLE_LOADER = "$(BUILT_PRODUCTS_DIR)/assessment21.app/assessment21";
				FRAMEWORK_SEARCH_PATHS = (
					"$(SDKROOT)/Developer/Library/Frameworks",
					"$(inherited)",
					"$(DEVELOPER_FRAMEWORKS_DIR)",
				);
				GCC_PRECOMPILE_PREFIX_HEADER = YES;
				GCC_PREFIX_HEADER = "assessment21/assessment21-Prefix.pch";
				GCC_PREPROCESSOR_DEFINITIONS = (
					"DEBUG=1",
					"$(inherited)",
				);
				INFOPLIST_FILE = "assessment21Tests/assessment21Tests-Info.plist";
				PRODUCT_NAME = "$(TARGET_NAME)";
				TEST_HOST = "$(BUNDLE_LOADER)";
				WRAPPER_EXTENSION = xctest;
			};
			name = Debug;
		};
		B126CA5C198ADA0E0010E432 /* Release */ = {
			isa = XCBuildConfiguration;
			buildSettings = {
				BUNDLE_LOADER = "$(BUILT_PRODUCTS_DIR)/assessment21.app/assessment21";
				FRAMEWORK_SEARCH_PATHS = (
					"$(SDKROOT)/Developer/Library/Frameworks",
					"$(inherited)",
					"$(DEVELOPER_FRAMEWORKS_DIR)",
				);
				GCC_PRECOMPILE_PREFIX_HEADER = YES;
				GCC_PREFIX_HEADER = "assessment21/assessment21-Prefix.pch";
				INFOPLIST_FILE = "assessment21Tests/assessment21Tests-Info.plist";
				PRODUCT_NAME = "$(TARGET_NAME)";
				TEST_HOST = "$(BUNDLE_LOADER)";
				WRAPPER_EXTENSION = xctest;
			};
			name = Release;
		};
/* End XCBuildConfiguration section */

/* Begin XCConfigurationList section */
		B126CA20198ADA0D0010E432 /* Build configuration list for PBXProject "assessment21" */ = {
			isa = XCConfigurationList;
			buildConfigurations = (
				B126CA55198ADA0E0010E432 /* Debug */,
				B126CA56198ADA0E0010E432 /* Release */,
			);
			defaultConfigurationIsVisible = 0;
			defaultConfigurationName = Release;
		};
		B126CA57198ADA0E0010E432 /* Build configuration list for PBXNativeTarget "assessment21" */ = {
			isa = XCConfigurationList;
			buildConfigurations = (
				B126CA58198ADA0E0010E432 /* Debug */,
				B126CA59198ADA0E0010E432 /* Release */,
			);
			defaultConfigurationIsVisible = 0;
		};
		B126CA5A198ADA0E0010E432 /* Build configuration list for PBXNativeTarget "assessment21Tests" */ = {
			isa = XCConfigurationList;
			buildConfigurations = (
				B126CA5B198ADA0E0010E432 /* Debug */,
				B126CA5C198ADA0E0010E432 /* Release */,
			);
			defaultConfigurationIsVisible = 0;
		};
/* End XCConfigurationList section */
	};
	rootObject = B126CA1D198ADA0D0010E432 /* Project object */;
}
